
Microsoft Visual Studio Solution File, Format Version 12.00
# Visual Studio 15
VisualStudioVersion = 15.0.27130.2036
MinimumVisualStudioVersion = 10.0.40219.1
Project("{FAE04EC0-301F-11D3-BF4B-00C04F79EFBC}") = "Serialize", "Serialize\Serialize.csproj", "{A798E617-8304-4033-9243-D1318C4FF134}"
EndProject
Project("{FAE04EC0-301F-11D3-BF4B-00C04F79EFBC}") = "SerializeTests", "SerializeTests\SerializeTests.csproj", "{DD705400-4834-45F9-8031-5FAD0F992985}"
EndProject
Global
	GlobalSection(SolutionConfigurationPlatforms) = preSolution
		Debug|Any CPU = Debug|Any CPU
		Release|Any CPU = Release|Any CPU
	EndGlobalSection
	GlobalSection(ProjectConfigurationPlatforms) = postSolution
		{A798E617-8304-4033-9243-D1318C4FF134}.Debug|Any CPU.ActiveCfg = Debug|Any CPU
		{A798E617-8304-4033-9243-D1318C4FF134}.Debug|Any CPU.Build.0 = Debug|Any CPU
		{A798E617-8304-4033-9243-D1318C4FF134}.Release|Any CPU.ActiveCfg = Release|Any CPU
		{A798E617-8304-4033-9243-D1318C4FF134}.Release|Any CPU.Build.0 = Release|Any CPU
		{DD705400-4834-45F9-8031-5FAD0F992985}.Debug|Any CPU.ActiveCfg = Debug|Any CPU
		{DD705400-4834-45F9-8031-5FAD0F992985}.Debug|Any CPU.Build.0 = Debug|Any CPU
		{DD705400-4834-45F9-8031-5FAD0F992985}.Release|Any CPU.ActiveCfg = Release|Any CPU
		{DD705400-4834-45F9-8031-5FAD0F992985}.Release|Any CPU.Build.0 = Release|Any CPU
	EndGlobalSection
	GlobalSection(SolutionProperties) = preSolution
		HideSolutionNode = FALSE
	EndGlobalSection
	GlobalSection(ExtensibilityGlobals) = postSolution
		SolutionGuid = {CBC91549-DAE3-4936-A9F6-553393384A5C}
	EndGlobalSection
EndGlobal
